// !$*UTF8*$!
{
	archiveVersion = 1;
	classes = {
	};
	objectVersion = 56;
	objects = {

/* Begin PBXBuildFile section */
		F0BDA8A029B45A8800DC5473 /* TodoLSwiftUIApp.swift in Sources */ = {isa = PBXBuildFile; fileRef = F0BDA89F29B45A8800DC5473 /* TodoLSwiftUIApp.swift */; };
		F0BDA8A229B45A8800DC5473 /* ContentView.swift in Sources */ = {isa = PBXBuildFile; fileRef = F0BDA8A129B45A8800DC5473 /* ContentView.swift */; };
		F0BDA8A429B45A8900DC5473 /* Assets.xcassets in Resources */ = {isa = PBXBuildFile; fileRef = F0BDA8A329B45A8900DC5473 /* Assets.xcassets */; };
		F0BDA8A729B45A8900DC5473 /* Preview Assets.xcassets in Resources */ = {isa = PBXBuildFile; fileRef = F0BDA8A629B45A8900DC5473 /* Preview Assets.xcassets */; };
		F0BDA8B129B45A8900DC5473 /* TodoLSwiftUITests.swift in Sources */ = {isa = PBXBuildFile; fileRef = F0BDA8B029B45A8900DC5473 /* TodoLSwiftUITests.swift */; };
		F0BDA8BB29B45A8900DC5473 /* TodoLSwiftUIUITests.swift in Sources */ = {isa = PBXBuildFile; fileRef = F0BDA8BA29B45A8900DC5473 /* TodoLSwiftUIUITests.swift */; };
		F0BDA8BD29B45A8900DC5473 /* TodoLSwiftUIUITestsLaunchTests.swift in Sources */ = {isa = PBXBuildFile; fileRef = F0BDA8BC29B45A8900DC5473 /* TodoLSwiftUIUITestsLaunchTests.swift */; };
/* End PBXBuildFile section */

/* Begin PBXContainerItemProxy section */
		F0BDA8AD29B45A8900DC5473 /* PBXContainerItemProxy */ = {
			isa = PBXContainerItemProxy;
			containerPortal = F0BDA89429B45A8800DC5473 /* Project object */;
			proxyType = 1;
			remoteGlobalIDString = F0BDA89B29B45A8800DC5473;
			remoteInfo = TodoLSwiftUI;
		};
		F0BDA8B729B45A8900DC5473 /* PBXContainerItemProxy */ = {
			isa = PBXContainerItemProxy;
			containerPortal = F0BDA89429B45A8800DC5473 /* Project object */;
			proxyType = 1;
			remoteGlobalIDString = F0BDA89B29B45A8800DC5473;
			remoteInfo = TodoLSwiftUI;
		};
/* End PBXContainerItemProxy section */

/* Begin PBXFileReference section */
		F0BDA89C29B45A8800DC5473 /* TodoLSwiftUI.app */ = {isa = PBXFileReference; explicitFileType = wrapper.application; includeInIndex = 0; path = TodoLSwiftUI.app; sourceTree = BUILT_PRODUCTS_DIR; };
		F0BDA89F29B45A8800DC5473 /* TodoLSwiftUIApp.swift */ = {isa = PBXFileReference; lastKnownFileType = sourcecode.swift; path = TodoLSwiftUIApp.swift; sourceTree = "<group>"; };
		F0BDA8A129B45A8800DC5473 /* ContentView.swift */ = {isa = PBXFileReference; lastKnownFileType = sourcecode.swift; path = ContentView.swift; sourceTree = "<group>"; };
		F0BDA8A329B45A8900DC5473 /* Assets.xcassets */ = {isa = PBXFileReference; lastKnownFileType = folder.assetcatalog; path = Assets.xcassets; sourceTree = "<group>"; };
		F0BDA8A629B45A8900DC5473 /* Preview Assets.xcassets */ = {isa = PBXFileReference; lastKnownFileType = folder.assetcatalog; path = "Preview Assets.xcassets"; sourceTree = "<group>"; };
		F0BDA8AC29B45A8900DC5473 /* TodoLSwiftUITests.xctest */ = {isa = PBXFileReference; explicitFileType = wrapper.cfbundle; includeInIndex = 0; path = TodoLSwiftUITests.xctest; sourceTree = BUILT_PRODUCTS_DIR; };
		F0BDA8B029B45A8900DC5473 /* TodoLSwiftUITests.swift */ = {isa = PBXFileReference; lastKnownFileType = sourcecode.swift; path = TodoLSwiftUITests.swift; sourceTree = "<group>"; };
		F0BDA8B629B45A8900DC5473 /* TodoLSwiftUIUITests.xctest */ = {isa = PBXFileReference; explicitFileType = wrapper.cfbundle; includeInIndex = 0; path = TodoLSwiftUIUITests.xctest; sourceTree = BUILT_PRODUCTS_DIR; };
		F0BDA8BA29B45A8900DC5473 /* TodoLSwiftUIUITests.swift */ = {isa = PBXFileReference; lastKnownFileType = sourcecode.swift; path = TodoLSwiftUIUITests.swift; sourceTree = "<group>"; };
		F0BDA8BC29B45A8900DC5473 /* TodoLSwiftUIUITestsLaunchTests.swift */ = {isa = PBXFileReference; lastKnownFileType = sourcecode.swift; path = TodoLSwiftUIUITestsLaunchTests.swift; sourceTree = "<group>"; };
/* End PBXFileReference section */

/* Begin PBXFrameworksBuildPhase section */
		F0BDA89929B45A8800DC5473 /* Frameworks */ = {
			isa = PBXFrameworksBuildPhase;
			buildActionMask = 2147483647;
			files = (
			);
			runOnlyForDeploymentPostprocessing = 0;
		};
		F0BDA8A929B45A8900DC5473 /* Frameworks */ = {
			isa = PBXFrameworksBuildPhase;
			buildActionMask = 2147483647;
			files = (
			);
			runOnlyForDeploymentPostprocessing = 0;
		};
		F0BDA8B329B45A8900DC5473 /* Frameworks */ = {
			isa = PBXFrameworksBuildPhase;
			buildActionMask = 2147483647;
			files = (
			);
			runOnlyForDeploymentPostprocessing = 0;
		};
/* End PBXFrameworksBuildPhase section */

/* Begin PBXGroup section */
		F0BDA89329B45A8800DC5473 = {
			isa = PBXGroup;
			children = (
				F0BDA89E29B45A8800DC5473 /* TodoLSwiftUI */,
				F0BDA8AF29B45A8900DC5473 /* TodoLSwiftUITests */,
				F0BDA8B929B45A8900DC5473 /* TodoLSwiftUIUITests */,
				F0BDA89D29B45A8800DC5473 /* Products */,
			);
			sourceTree = "<group>";
		};
		F0BDA89D29B45A8800DC5473 /* Products */ = {
			isa = PBXGroup;
			children = (
				F0BDA89C29B45A8800DC5473 /* TodoLSwiftUI.app */,
				F0BDA8AC29B45A8900DC5473 /* TodoLSwiftUITests.xctest */,
				F0BDA8B629B45A8900DC5473 /* TodoLSwiftUIUITests.xctest */,
			);
			name = Products;
			sourceTree = "<group>";
		};
		F0BDA89E29B45A8800DC5473 /* TodoLSwiftUI */ = {
			isa = PBXGroup;
			children = (
				F0BDA89F29B45A8800DC5473 /* TodoLSwiftUIApp.swift */,
				F0BDA8A129B45A8800DC5473 /* ContentView.swift */,
				F0BDA8A329B45A8900DC5473 /* Assets.xcassets */,
				F0BDA8A529B45A8900DC5473 /* Preview Content */,
			);
			path = TodoLSwiftUI;
			sourceTree = "<group>";
		};
		F0BDA8A529B45A8900DC5473 /* Preview Content */ = {
			isa = PBXGroup;
			children = (
				F0BDA8A629B45A8900DC5473 /* Preview Assets.xcassets */,
			);
			path = "Preview Content";
			sourceTree = "<group>";
		};
		F0BDA8AF29B45A8900DC5473 /* TodoLSwiftUITests */ = {
			isa = PBXGroup;
			children = (
				F0BDA8B029B45A8900DC5473 /* TodoLSwiftUITests.swift */,
			);
			path = TodoLSwiftUITests;
			sourceTree = "<group>";
		};
		F0BDA8B929B45A8900DC5473 /* TodoLSwiftUIUITests */ = {
			isa = PBXGroup;
			children = (
				F0BDA8BA29B45A8900DC5473 /* TodoLSwiftUIUITests.swift */,
				F0BDA8BC29B45A8900DC5473 /* TodoLSwiftUIUITestsLaunchTests.swift */,
			);
			path = TodoLSwiftUIUITests;
			sourceTree = "<group>";
		};
/* End PBXGroup section */

/* Begin PBXNativeTarget section */
		F0BDA89B29B45A8800DC5473 /* TodoLSwiftUI */ = {
			isa = PBXNativeTarget;
			buildConfigurationList = F0BDA8C029B45A8900DC5473 /* Build configuration list for PBXNativeTarget "TodoLSwiftUI" */;
			buildPhases = (
				F0BDA89829B45A8800DC5473 /* Sources */,
				F0BDA89929B45A8800DC5473 /* Frameworks */,
				F0BDA89A29B45A8800DC5473 /* Resources */,
			);
			buildRules = (
			);
			dependencies = (
			);
			name = TodoLSwiftUI;
			productName = TodoLSwiftUI;
			productReference = F0BDA89C29B45A8800DC5473 /* TodoLSwiftUI.app */;
			productType = "com.apple.product-type.application";
		};
		F0BDA8AB29B45A8900DC5473 /* TodoLSwiftUITests */ = {
			isa = PBXNativeTarget;
			buildConfigurationList = F0BDA8C329B45A8900DC5473 /* Build configuration list for PBXNativeTarget "TodoLSwiftUITests" */;
			buildPhases = (
				F0BDA8A829B45A8900DC5473 /* Sources */,
				F0BDA8A929B45A8900DC5473 /* Frameworks */,
				F0BDA8AA29B45A8900DC5473 /* Resources */,
			);
			buildRules = (
			);
			dependencies = (
				F0BDA8AE29B45A8900DC5473 /* PBXTargetDependency */,
			);
			name = TodoLSwiftUITests;
			productName = TodoLSwiftUITests;
			productReference = F0BDA8AC29B45A8900DC5473 /* TodoLSwiftUITests.xctest */;
			productType = "com.apple.product-type.bundle.unit-test";
		};
		F0BDA8B529B45A8900DC5473 /* TodoLSwiftUIUITests */ = {
			isa = PBXNativeTarget;
			buildConfigurationList = F0BDA8C629B45A8900DC5473 /* Build configuration list for PBXNativeTarget "TodoLSwiftUIUITests" */;
			buildPhases = (
				F0BDA8B229B45A8900DC5473 /* Sources */,
				F0BDA8B329B45A8900DC5473 /* Frameworks */,
				F0BDA8B429B45A8900DC5473 /* Resources */,
			);
			buildRules = (
			);
			dependencies = (
				F0BDA8B829B45A8900DC5473 /* PBXTargetDependency */,
			);
			name = TodoLSwiftUIUITests;
			productName = TodoLSwiftUIUITests;
			productReference = F0BDA8B629B45A8900DC5473 /* TodoLSwiftUIUITests.xctest */;
			productType = "com.apple.product-type.bundle.ui-testing";
		};
/* End PBXNativeTarget section */

/* Begin PBXProject section */
		F0BDA89429B45A8800DC5473 /* Project object */ = {
			isa = PBXProject;
			attributes = {
				BuildIndependentTargetsInParallel = 1;
				LastSwiftUpdateCheck = 1420;
				LastUpgradeCheck = 1420;
				TargetAttributes = {
					F0BDA89B29B45A8800DC5473 = {
						CreatedOnToolsVersion = 14.2;
					};
					F0BDA8AB29B45A8900DC5473 = {
						CreatedOnToolsVersion = 14.2;
						TestTargetID = F0BDA89B29B45A8800DC5473;
					};
					F0BDA8B529B45A8900DC5473 = {
						CreatedOnToolsVersion = 14.2;
						TestTargetID = F0BDA89B29B45A8800DC5473;
					};
				};
			};
			buildConfigurationList = F0BDA89729B45A8800DC5473 /* Build configuration list for PBXProject "TodoLSwiftUI" */;
			compatibilityVersion = "Xcode 14.0";
			developmentRegion = en;
			hasScannedForEncodings = 0;
			knownRegions = (
				en,
				Base,
			);
			mainGroup = F0BDA89329B45A8800DC5473;
			productRefGroup = F0BDA89D29B45A8800DC5473 /* Products */;
			projectDirPath = "";
			projectRoot = "";
			targets = (
				F0BDA89B29B45A8800DC5473 /* TodoLSwiftUI */,
				F0BDA8AB29B45A8900DC5473 /* TodoLSwiftUITests */,
				F0BDA8B529B45A8900DC5473 /* TodoLSwiftUIUITests */,
			);
		};
/* End PBXProject section */

/* Begin PBXResourcesBuildPhase section */
		F0BDA89A29B45A8800DC5473 /* Resources */ = {
			isa = PBXResourcesBuildPhase;
			buildActionMask = 2147483647;
			files = (
				F0BDA8A729B45A8900DC5473 /* Preview Assets.xcassets in Resources */,
				F0BDA8A429B45A8900DC5473 /* Assets.xcassets in Resources */,
			);
			runOnlyForDeploymentPostprocessing = 0;
		};
		F0BDA8AA29B45A8900DC5473 /* Resources */ = {
			isa = PBXResourcesBuildPhase;
			buildActionMask = 2147483647;
			files = (
			);
			runOnlyForDeploymentPostprocessing = 0;
		};
		F0BDA8B429B45A8900DC5473 /* Resources */ = {
			isa = PBXResourcesBuildPhase;
			buildActionMask = 2147483647;
			files = (
			);
			runOnlyForDeploymentPostprocessing = 0;
		};
/* End PBXResourcesBuildPhase section */

/* Begin PBXSourcesBuildPhase section */
		F0BDA89829B45A8800DC5473 /* Sources */ = {
			isa = PBXSourcesBuildPhase;
			buildActionMask = 2147483647;
			files = (
				F0BDA8A229B45A8800DC5473 /* ContentView.swift in Sources */,
				F0BDA8A029B45A8800DC5473 /* TodoLSwiftUIApp.swift in Sources */,
			);
			runOnlyForDeploymentPostprocessing = 0;
		};
		F0BDA8A829B45A8900DC5473 /* Sources */ = {
			isa = PBXSourcesBuildPhase;
			buildActionMask = 2147483647;
			files = (
				F0BDA8B129B45A8900DC5473 /* TodoLSwiftUITests.swift in Sources */,
			);
			runOnlyForDeploymentPostprocessing = 0;
		};
		F0BDA8B229B45A8900DC5473 /* Sources */ = {
			isa = PBXSourcesBuildPhase;
			buildActionMask = 2147483647;
			files = (
				F0BDA8BB29B45A8900DC5473 /* TodoLSwiftUIUITests.swift in Sources */,
				F0BDA8BD29B45A8900DC5473 /* TodoLSwiftUIUITestsLaunchTests.swift in Sources */,
			);
			runOnlyForDeploymentPostprocessing = 0;
		};
/* End PBXSourcesBuildPhase section */

/* Begin PBXTargetDependency section */
		F0BDA8AE29B45A8900DC5473 /* PBXTargetDependency */ = {
			isa = PBXTargetDependency;
			target = F0BDA89B29B45A8800DC5473 /* TodoLSwiftUI */;
			targetProxy = F0BDA8AD29B45A8900DC5473 /* PBXContainerItemProxy */;
		};
		F0BDA8B829B45A8900DC5473 /* PBXTargetDependency */ = {
			isa = PBXTargetDependency;
			target = F0BDA89B29B45A8800DC5473 /* TodoLSwiftUI */;
			targetProxy = F0BDA8B729B45A8900DC5473 /* PBXContainerItemProxy */;
		};
/* End PBXTargetDependency section */

/* Begin XCBuildConfiguration section */
		F0BDA8BE29B45A8900DC5473 /* Debug */ = {
			isa = XCBuildConfiguration;
			buildSettings = {
				ALWAYS_SEARCH_USER_PATHS = NO;
				CLANG_ANALYZER_NONNULL = YES;
				CLANG_ANALYZER_NUMBER_OBJECT_CONVERSION = YES_AGGRESSIVE;
				CLANG_CXX_LANGUAGE_STANDARD = "gnu++20";
				CLANG_ENABLE_MODULES = YES;
				CLANG_ENABLE_OBJC_ARC = YES;
				CLANG_ENABLE_OBJC_WEAK = YES;
				CLANG_WARN_BLOCK_CAPTURE_AUTORELEASING = YES;
				CLANG_WARN_BOOL_CONVERSION = YES;
				CLANG_WARN_COMMA = YES;
				CLANG_WARN_CONSTANT_CONVERSION = YES;
				CLANG_WARN_DEPRECATED_OBJC_IMPLEMENTATIONS = YES;
				CLANG_WARN_DIRECT_OBJC_ISA_USAGE = YES_ERROR;
				CLANG_WARN_DOCUMENTATION_COMMENTS = YES;
				CLANG_WARN_EMPTY_BODY = YES;
				CLANG_WARN_ENUM_CONVERSION = YES;
				CLANG_WARN_INFINITE_RECURSION = YES;
				CLANG_WARN_INT_CONVERSION = YES;
				CLANG_WARN_NON_LITERAL_NULL_CONVERSION = YES;
				CLANG_WARN_OBJC_IMPLICIT_RETAIN_SELF = YES;
				CLANG_WARN_OBJC_LITERAL_CONVERSION = YES;
				CLANG_WARN_OBJC_ROOT_CLASS = YES_ERROR;
				CLANG_WARN_QUOTED_INCLUDE_IN_FRAMEWORK_HEADER = YES;
				CLANG_WARN_RANGE_LOOP_ANALYSIS = YES;
				CLANG_WARN_STRICT_PROTOTYPES = YES;
				CLANG_WARN_SUSPICIOUS_MOVE = YES;
				CLANG_WARN_UNGUARDED_AVAILABILITY = YES_AGGRESSIVE;
				CLANG_WARN_UNREACHABLE_CODE = YES;
				CLANG_WARN__DUPLICATE_METHOD_MATCH = YES;
				COPY_PHASE_STRIP = NO;
				DEBUG_INFORMATION_FORMAT = dwarf;
				ENABLE_STRICT_OBJC_MSGSEND = YES;
				ENABLE_TESTABILITY = YES;
				GCC_C_LANGUAGE_STANDARD = gnu11;
				GCC_DYNAMIC_NO_PIC = NO;
				GCC_NO_COMMON_BLOCKS = YES;
				GCC_OPTIMIZATION_LEVEL = 0;
				GCC_PREPROCESSOR_DEFINITIONS = (
					"DEBUG=1",
					"$(inherited)",
				);
				GCC_WARN_64_TO_32_BIT_CONVERSION = YES;
				GCC_WARN_ABOUT_RETURN_TYPE = YES_ERROR;
				GCC_WARN_UNDECLARED_SELECTOR = YES;
				GCC_WARN_UNINITIALIZED_AUTOS = YES_AGGRESSIVE;
				GCC_WARN_UNUSED_FUNCTION = YES;
				GCC_WARN_UNUSED_VARIABLE = YES;
				IPHONEOS_DEPLOYMENT_TARGET = 16.2;
				MTL_ENABLE_DEBUG_INFO = INCLUDE_SOURCE;
				MTL_FAST_MATH = YES;
				ONLY_ACTIVE_ARCH = YES;
				SDKROOT = iphoneos;
				SWIFT_ACTIVE_COMPILATION_CONDITIONS = DEBUG;
				SWIFT_OPTIMIZATION_LEVEL = "-Onone";
			};
			name = Debug;
		};
		F0BDA8BF29B45A8900DC5473 /* Release */ = {
			isa = XCBuildConfiguration;
			buildSettings = {
				ALWAYS_SEARCH_USER_PATHS = NO;
				CLANG_ANALYZER_NONNULL = YES;
				CLANG_ANALYZER_NUMBER_OBJECT_CONVERSION = YES_AGGRESSIVE;
				CLANG_CXX_LANGUAGE_STANDARD = "gnu++20";
				CLANG_ENABLE_MODULES = YES;
				CLANG_ENABLE_OBJC_ARC = YES;
				CLANG_ENABLE_OBJC_WEAK = YES;
				CLANG_WARN_BLOCK_CAPTURE_AUTORELEASING = YES;
				CLANG_WARN_BOOL_CONVERSION = YES;
				CLANG_WARN_COMMA = YES;
				CLANG_WARN_CONSTANT_CONVERSION = YES;
				CLANG_WARN_DEPRECATED_OBJC_IMPLEMENTATIONS = YES;
				CLANG_WARN_DIRECT_OBJC_ISA_USAGE = YES_ERROR;
				CLANG_WARN_DOCUMENTATION_COMMENTS = YES;
				CLANG_WARN_EMPTY_BODY = YES;
				CLANG_WARN_ENUM_CONVERSION = YES;
				CLANG_WARN_INFINITE_RECURSION = YES;
				CLANG_WARN_INT_CONVERSION = YES;
				CLANG_WARN_NON_LITERAL_NULL_CONVERSION = YES;
				CLANG_WARN_OBJC_IMPLICIT_RETAIN_SELF = YES;
				CLANG_WARN_OBJC_LITERAL_CONVERSION = YES;
				CLANG_WARN_OBJC_ROOT_CLASS = YES_ERROR;
				CLANG_WARN_QUOTED_INCLUDE_IN_FRAMEWORK_HEADER = YES;
				CLANG_WARN_RANGE_LOOP_ANALYSIS = YES;
				CLANG_WARN_STRICT_PROTOTYPES = YES;
				CLANG_WARN_SUSPICIOUS_MOVE = YES;
				CLANG_WARN_UNGUARDED_AVAILABILITY = YES_AGGRESSIVE;
				CLANG_WARN_UNREACHABLE_CODE = YES;
				CLANG_WARN__DUPLICATE_METHOD_MATCH = YES;
				COPY_PHASE_STRIP = NO;
				DEBUG_INFORMATION_FORMAT = "dwarf-with-dsym";
				ENABLE_NS_ASSERTIONS = NO;
				ENABLE_STRICT_OBJC_MSGSEND = YES;
				GCC_C_LANGUAGE_STANDARD = gnu11;
				GCC_NO_COMMON_BLOCKS = YES;
				GCC_WARN_64_TO_32_BIT_CONVERSION = YES;
				GCC_WARN_ABOUT_RETURN_TYPE = YES_ERROR;
				GCC_WARN_UNDECLARED_SELECTOR = YES;
				GCC_WARN_UNINITIALIZED_AUTOS = YES_AGGRESSIVE;
				GCC_WARN_UNUSED_FUNCTION = YES;
				GCC_WARN_UNUSED_VARIABLE = YES;
				IPHONEOS_DEPLOYMENT_TARGET = 16.2;
				MTL_ENABLE_DEBUG_INFO = NO;
				MTL_FAST_MATH = YES;
				SDKROOT = iphoneos;
				SWIFT_COMPILATION_MODE = wholemodule;
				SWIFT_OPTIMIZATION_LEVEL = "-O";
				VALIDATE_PRODUCT = YES;
			};
			name = Release;
		};
		F0BDA8C129B45A8900DC5473 /* Debug */ = {
			isa = XCBuildConfiguration;
			buildSettings = {
				ASSETCATALOG_COMPILER_APPICON_NAME = AppIcon;
				ASSETCATALOG_COMPILER_GLOBAL_ACCENT_COLOR_NAME = AccentColor;
				CODE_SIGN_STYLE = Automatic;
				CURRENT_PROJECT_VERSION = 1;
				DEVELOPMENT_ASSET_PATHS = "\"TodoLSwiftUI/Preview Content\"";
				DEVELOPMENT_TEAM = F2FS772AW5;
				ENABLE_PREVIEWS = YES;
				GENERATE_INFOPLIST_FILE = YES;
				INFOPLIST_KEY_UIApplicationSceneManifest_Generation = YES;
				INFOPLIST_KEY_UIApplicationSupportsIndirectInputEvents = YES;
				INFOPLIST_KEY_UILaunchScreen_Generation = YES;
				INFOPLIST_KEY_UISupportedInterfaceOrientations_iPad = "UIInterfaceOrientationPortrait UIInterfaceOrientationPortraitUpsideDown UIInterfaceOrientationLandscapeLeft UIInterfaceOrientationLandscapeRight";
				INFOPLIST_KEY_UISupportedInterfaceOrientations_iPhone = "UIInterfaceOrientationPortrait UIInterfaceOrientationLandscapeLeft UIInterfaceOrientationLandscapeRight";
				LD_RUNPATH_SEARCH_PATHS = (
					"$(inherited)",
					"@executable_path/Frameworks",
				);
				MARKETING_VERSION = 1.0;
				PRODUCT_BUNDLE_IDENTIFIER = com.toyoshin.TodoLSwiftUI;
				PRODUCT_NAME = "$(TARGET_NAME)";
				SWIFT_EMIT_LOC_STRINGS = YES;
				SWIFT_VERSION = 5.0;
				TARGETED_DEVICE_FAMILY = "1,2";
			};
			name = Debug;
		};
		F0BDA8C229B45A8900DC5473 /* Release */ = {
			isa = XCBuildConfiguration;
			buildSettings = {
				ASSETCATALOG_COMPILER_APPICON_NAME = AppIcon;
				ASSETCATALOG_COMPILER_GLOBAL_ACCENT_COLOR_NAME = AccentColor;
				CODE_SIGN_STYLE = Automatic;
				CURRENT_PROJECT_VERSION = 1;
				DEVELOPMENT_ASSET_PATHS = "\"TodoLSwiftUI/Preview Content\"";
				DEVELOPMENT_TEAM = F2FS772AW5;
				ENABLE_PREVIEWS = YES;
				GENERATE_INFOPLIST_FILE = YES;
				INFOPLIST_KEY_UIApplicationSceneManifest_Generation = YES;
				INFOPLIST_KEY_UIApplicationSupportsIndirectInputEvents = YES;
				INFOPLIST_KEY_UILaunchScreen_Generation = YES;
				INFOPLIST_KEY_UISupportedInterfaceOrientations_iPad = "UIInterfaceOrientationPortrait UIInterfaceOrientationPortraitUpsideDown UIInterfaceOrientationLandscapeLeft UIInterfaceOrientationLandscapeRight";
				INFOPLIST_KEY_UISupportedInterfaceOrientations_iPhone = "UIInterfaceOrientationPortrait UIInterfaceOrientationLandscapeLeft UIInterfaceOrientationLandscapeRight";
				LD_RUNPATH_SEARCH_PATHS = (
					"$(inherited)",
					"@executable_path/Frameworks",
				);
				MARKETING_VERSION = 1.0;
				PRODUCT_BUNDLE_IDENTIFIER = com.toyoshin.TodoLSwiftUI;
				PRODUCT_NAME = "$(TARGET_NAME)";
				SWIFT_EMIT_LOC_STRINGS = YES;
				SWIFT_VERSION = 5.0;
				TARGETED_DEVICE_FAMILY = "1,2";
			};
			name = Release;
		};
		F0BDA8C429B45A8900DC5473 /* Debug */ = {
			isa = XCBuildConfiguration;
			buildSettings = {
				ALWAYS_EMBED_SWIFT_STANDARD_LIBRARIES = YES;
				BUNDLE_LOADER = "$(TEST_HOST)";
				CODE_SIGN_STYLE = Automatic;
				CURRENT_PROJECT_VERSION = 1;
				DEVELOPMENT_TEAM = F2FS772AW5;
				GENERATE_INFOPLIST_FILE = YES;
				IPHONEOS_DEPLOYMENT_TARGET = 16.2;
				MARKETING_VERSION = 1.0;
				PRODUCT_BUNDLE_IDENTIFIER = com.toyoshin.TodoLSwiftUITests;
				PRODUCT_NAME = "$(TARGET_NAME)";
				SWIFT_EMIT_LOC_STRINGS = NO;
				SWIFT_VERSION = 5.0;
				TARGETED_DEVICE_FAMILY = "1,2";
				TEST_HOST = "$(BUILT_PRODUCTS_DIR)/TodoLSwiftUI.app/$(BUNDLE_EXECUTABLE_FOLDER_PATH)/TodoLSwiftUI";
			};
			name = Debug;
		};
		F0BDA8C529B45A8900DC5473 /* Release */ = {
			isa = XCBuildConfiguration;
			buildSettings = {
				ALWAYS_EMBED_SWIFT_STANDARD_LIBRARIES = YES;
				BUNDLE_LOADER = "$(TEST_HOST)";
				CODE_SIGN_STYLE = Automatic;
				CURRENT_PROJECT_VERSION = 1;
				DEVELOPMENT_TEAM = F2FS772AW5;
				GENERATE_INFOPLIST_FILE = YES;
				IPHONEOS_DEPLOYMENT_TARGET = 16.2;
				MARKETING_VERSION = 1.0;
				PRODUCT_BUNDLE_IDENTIFIER = com.toyoshin.TodoLSwiftUITests;
				PRODUCT_NAME = "$(TARGET_NAME)";
				SWIFT_EMIT_LOC_STRINGS = NO;
				SWIFT_VERSION = 5.0;
				TARGETED_DEVICE_FAMILY = "1,2";
				TEST_HOST = "$(BUILT_PRODUCTS_DIR)/TodoLSwiftUI.app/$(BUNDLE_EXECUTABLE_FOLDER_PATH)/TodoLSwiftUI";
			};
			name = Release;
		};
		F0BDA8C729B45A8900DC5473 /* Debug */ = {
			isa = XCBuildConfiguration;
			buildSettings = {
				ALWAYS_EMBED_SWIFT_STANDARD_LIBRARIES = YES;
				CODE_SIGN_STYLE = Automatic;
				CURRENT_PROJECT_VERSION = 1;
				DEVELOPMENT_TEAM = F2FS772AW5;
				GENERATE_INFOPLIST_FILE = YES;
				MARKETING_VERSION = 1.0;
				PRODUCT_BUNDLE_IDENTIFIER = com.toyoshin.TodoLSwiftUIUITests;
				PRODUCT_NAME = "$(TARGET_NAME)";
				SWIFT_EMIT_LOC_STRINGS = NO;
				SWIFT_VERSION = 5.0;
				TARGETED_DEVICE_FAMILY = "1,2";
				TEST_TARGET_NAME = TodoLSwiftUI;
			};
			name = Debug;
		};
		F0BDA8C829B45A8900DC5473 /* Release */ = {
			isa = XCBuildConfiguration;
			buildSettings = {
				ALWAYS_EMBED_SWIFT_STANDARD_LIBRARIES = YES;
				CODE_SIGN_STYLE = Automatic;
				CURRENT_PROJECT_VERSION = 1;
				DEVELOPMENT_TEAM = F2FS772AW5;
				GENERATE_INFOPLIST_FILE = YES;
				MARKETING_VERSION = 1.0;
				PRODUCT_BUNDLE_IDENTIFIER = com.toyoshin.TodoLSwiftUIUITests;
				PRODUCT_NAME = "$(TARGET_NAME)";
				SWIFT_EMIT_LOC_STRINGS = NO;
				SWIFT_VERSION = 5.0;
				TARGETED_DEVICE_FAMILY = "1,2";
				TEST_TARGET_NAME = TodoLSwiftUI;
			};
			name = Release;
		};
/* End XCBuildConfiguration section */

/* Begin XCConfigurationList section */
		F0BDA89729B45A8800DC5473 /* Build configuration list for PBXProject "TodoLSwiftUI" */ = {
			isa = XCConfigurationList;
			buildConfigurations = (
				F0BDA8BE29B45A8900DC5473 /* Debug */,
				F0BDA8BF29B45A8900DC5473 /* Release */,
			);
			defaultConfigurationIsVisible = 0;
			defaultConfigurationName = Release;
		};
		F0BDA8C029B45A8900DC5473 /* Build configuration list for PBXNativeTarget "TodoLSwiftUI" */ = {
			isa = XCConfigurationList;
			buildConfigurations = (
				F0BDA8C129B45A8900DC5473 /* Debug */,
				F0BDA8C229B45A8900DC5473 /* Release */,
			);
			defaultConfigurationIsVisible = 0;
			defaultConfigurationName = Release;
		};
		F0BDA8C329B45A8900DC5473 /* Build configuration list for PBXNativeTarget "TodoLSwiftUITests" */ = {
			isa = XCConfigurationList;
			buildConfigurations = (
				F0BDA8C429B45A8900DC5473 /* Debug */,
				F0BDA8C529B45A8900DC5473 /* Release */,
			);
			defaultConfigurationIsVisible = 0;
			defaultConfigurationName = Release;
		};
		F0BDA8C629B45A8900DC5473 /* Build configuration list for PBXNativeTarget "TodoLSwiftUIUITests" */ = {
			isa = XCConfigurationList;
			buildConfigurations = (
				F0BDA8C729B45A8900DC5473 /* Debug */,
				F0BDA8C829B45A8900DC5473 /* Release */,
			);
			defaultConfigurationIsVisible = 0;
			defaultConfigurationName = Release;
		};
/* End XCConfigurationList section */
	};
	rootObject = F0BDA89429B45A8800DC5473 /* Project object */;
}
